
Microsoft Visual Studio Solution File, Format Version 12.00
# Visual Studio 14
VisualStudioVersion = 14.0.23103.0
MinimumVisualStudioVersion = 10.0.40219.1
Project("{FAE04EC0-301F-11D3-BF4B-00C04F79EFBC}") = "EF7Samurai.Console", "EF7Samurai.Console\EF7Samurai.Console.csproj", "{D05ECCEB-7904-4596-881C-51CF682690B7}"
EndProject
Project("{FAE04EC0-301F-11D3-BF4B-00C04F79EFBC}") = "EF7Samurai.Domain", "EF7Samurai.Domain\EF7Samurai.Domain.csproj", "{1D05B6A1-FFE0-4A7E-83B7-6BB3112B7736}"
EndProject
Project("{FAE04EC0-301F-11D3-BF4B-00C04F79EFBC}") = "EF7Samurai.Context", "EF7Samurai.B8.Context\EF7Samurai.Context.csproj", "{24861343-93C5-4EBB-92B3-36BC0F4BE3FC}"
EndProject
Global
	GlobalSection(SolutionConfigurationPlatforms) = preSolution
		Debug|Any CPU = Debug|Any CPU
		Release|Any CPU = Release|Any CPU
	EndGlobalSection
	GlobalSection(ProjectConfigurationPlatforms) = postSolution
		{D05ECCEB-7904-4596-881C-51CF682690B7}.Debug|Any CPU.ActiveCfg = Debug|Any CPU
		{D05ECCEB-7904-4596-881C-51CF682690B7}.Debug|Any CPU.Build.0 = Debug|Any CPU
		{D05ECCEB-7904-4596-881C-51CF682690B7}.Release|Any CPU.ActiveCfg = Release|Any CPU
		{D05ECCEB-7904-4596-881C-51CF682690B7}.Release|Any CPU.Build.0 = Release|Any CPU
		{1D05B6A1-FFE0-4A7E-83B7-6BB3112B7736}.Debug|Any CPU.ActiveCfg = Debug|Any CPU
		{1D05B6A1-FFE0-4A7E-83B7-6BB3112B7736}.Debug|Any CPU.Build.0 = Debug|Any CPU
		{1D05B6A1-FFE0-4A7E-83B7-6BB3112B7736}.Release|Any CPU.ActiveCfg = Release|Any CPU
		{1D05B6A1-FFE0-4A7E-83B7-6BB3112B7736}.Release|Any CPU.Build.0 = Release|Any CPU
		{24861343-93C5-4EBB-92B3-36BC0F4BE3FC}.Debug|Any CPU.ActiveCfg = Debug|Any CPU
		{24861343-93C5-4EBB-92B3-36BC0F4BE3FC}.Debug|Any CPU.Build.0 = Debug|Any CPU
		{24861343-93C5-4EBB-92B3-36BC0F4BE3FC}.Release|Any CPU.ActiveCfg = Release|Any CPU
		{24861343-93C5-4EBB-92B3-36BC0F4BE3FC}.Release|Any CPU.Build.0 = Release|Any CPU
	EndGlobalSection
	GlobalSection(SolutionProperties) = preSolution
		HideSolutionNode = FALSE
	EndGlobalSection
EndGlobal
